<?xml version="1.0" encoding="utf-8"?>
<Project ToolsVersion="4.0" xmlns="http://schemas.microsoft.com/developer/msbuild/2003">
  <ItemGroup>
    <Filter Include="Source Files">
      <UniqueIdentifier>{4FC737F1-C7A5-4376-A066-2A32D752A2FF}</UniqueIdentifier>
      <Extensions>cpp;c;cc;cxx;def;odl;idl;hpj;bat;asm;asmx</Extensions>
    </Filter>
    <Filter Include="Header Files">
      <UniqueIdentifier>{93995380-89BD-4b04-88EB-625FBE52EBFB}</UniqueIdentifier>
      <Extensions>h;hpp;hxx;hm;inl;inc;xsd</Extensions>
    </Filter>
    <Filter Include="Resource Files">
      <UniqueIdentifier>{67DA6AB6-F800-4c08-8B7A-83BB121AAD01}</UniqueIdentifier>
      <Extensions>rc;ico;cur;bmp;dlg;rc2;rct;bin;rgs;gif;jpg;jpeg;jpe;resx;tiff;tif;png;wav;mfcribbon-ms</Extensions>
    </Filter>
  </ItemGroup>
  <ItemGroup>
    <ClInclude Include="eflib\include\common\initialize.h">
      <Filter>Header Files</Filter>
    </ClInclude>
    <ClInclude Include="eflib\include\diagnostics\assert.h">
      <Filter>Header Files</Filter>
    </ClInclude>
    <ClInclude Include="eflib\include\diagnostics\log.h">
      <Filter>Header Files</Filter>
    </ClInclude>
    <ClInclude Include="eflib\include\diagnostics\logrout.h">
      <Filter>Header Files</Filter>
    </ClInclude>
    <ClInclude Include="eflib\include\diagnostics\log_serializer.h">
      <Filter>Header Files</Filter>
    </ClInclude>
    <ClInclude Include="eflib\include\diagnostics\profiler.h">
      <Filter>Header Files</Filter>
    </ClInclude>
    <ClInclude Include="eflib\include\io\stream.h">
      <Filter>Header Files</Filter>
    </ClInclude>
    <ClInclude Include="eflib\include\math\collision_detection.h">
      <Filter>Header Files</Filter>
    </ClInclude>
    <ClInclude Include="eflib\include\math\math.h">
      <Filter>Header Files</Filter>
    </ClInclude>
    <ClInclude Include="eflib\include\math\matrix.h">
      <Filter>Header Files</Filter>
    </ClInclude>
    <ClInclude Include="eflib\include\math\matrix_generic.h">
      <Filter>Header Files</Filter>
    </ClInclude>
    <ClInclude Include="eflib\include\math\quaternion.h">
      <Filter>Header Files</Filter>
    </ClInclude>
    <ClInclude Include="eflib\include\math\swizzle\swizzle.h">
      <Filter>Header Files</Filter>
    </ClInclude>
    <ClInclude Include="eflib\include\math\swizzle.h">
      <Filter>Header Files</Filter>
    </ClInclude>
    <ClInclude Include="eflib\include\math\vector.h">
      <Filter>Header Files</Filter>
    </ClInclude>
    <ClInclude Include="eflib\include\math\vector_generic.h">
      <Filter>Header Files</Filter>
    </ClInclude>
    <ClInclude Include="eflib\include\math\write_mask.h">
      <Filter>Header Files</Filter>
    </ClInclude>
    <ClInclude Include="eflib\include\memory\allocator.h">
      <Filter>Header Files</Filter>
    </ClInclude>
    <ClInclude Include="eflib\include\memory\atomic.h">
      <Filter>Header Files</Filter>
    </ClInclude>
    <ClInclude Include="eflib\include\memory\bounded_buffer.h">
      <Filter>Header Files</Filter>
    </ClInclude>
    <ClInclude Include="eflib\include\memory\lifetime_manager.h">
      <Filter>Header Files</Filter>
    </ClInclude>
    <ClInclude Include="eflib\include\memory\pool.h">
      <Filter>Header Files</Filter>
    </ClInclude>
    <ClInclude Include="eflib\include\platform\boost_begin.h">
      <Filter>Header Files</Filter>
    </ClInclude>
    <ClInclude Include="eflib\include\platform\boost_end.h">
      <Filter>Header Files</Filter>
    </ClInclude>
    <ClInclude Include="eflib\include\platform\config.h">
      <Filter>Header Files</Filter>
    </ClInclude>
    <ClInclude Include="eflib\include\platform\constant.h">
      <Filter>Header Files</Filter>
    </ClInclude>
    <ClInclude Include="eflib\include\platform\cpuinfo.h">
      <Filter>Header Files</Filter>
    </ClInclude>
    <ClInclude Include="eflib\include\platform\disable_warnings.h">
      <Filter>Header Files</Filter>
    </ClInclude>
    <ClInclude Include="eflib\include\platform\dl_loader.h">
      <Filter>Header Files</Filter>
    </ClInclude>
    <ClInclude Include="eflib\include\platform\dl_macros.h">
      <Filter>Header Files</Filter>
    </ClInclude>
    <ClInclude Include="eflib\include\platform\enable_warnings.h">
      <Filter>Header Files</Filter>
    </ClInclude>
    <ClInclude Include="eflib\include\platform\ext_intrinsics.h">
      <Filter>Header Files</Filter>
    </ClInclude>
    <ClInclude Include="eflib\include\platform\typedefs.h">
      <Filter>Header Files</Filter>
    </ClInclude>
    <ClInclude Include="eflib\include\platform\win32.h">
      <Filter>Header Files</Filter>
    </ClInclude>
    <ClInclude Include="eflib\include\string\string.h">
      <Filter>Header Files</Filter>
    </ClInclude>
    <ClInclude Include="eflib\include\string\ustring.h">
      <Filter>Header Files</Filter>
    </ClInclude>
    <ClInclude Include="eflib\include\utility\enable_if.h">
      <Filter>Header Files</Filter>
    </ClInclude>
    <ClInclude Include="eflib\include\utility\operator_bool.h">
      <Filter>Header Files</Filter>
    </ClInclude>
    <ClInclude Include="eflib\include\utility\polymorphic_cast.h">
      <Filter>Header Files</Filter>
    </ClInclude>
    <ClInclude Include="eflib\include\utility\scoped_value.h">
      <Filter>Header Files</Filter>
    </ClInclude>
    <ClInclude Include="eflib\include\utility\shared_declaration.h">
      <Filter>Header Files</Filter>
    </ClInclude>
    <ClInclude Include="eflib\include\utility\unref_declarator.h">
      <Filter>Header Files</Filter>
    </ClInclude>
  </ItemGroup>
  <ItemGroup>
    <ClCompile Include="eflib\src\assert.cpp">
      <Filter>Source Files</Filter>
    </ClCompile>
    <ClCompile Include="eflib\src\collision_detection.cpp">
      <Filter>Source Files</Filter>
    </ClCompile>
    <ClCompile Include="eflib\src\cpuinfo.cpp">
      <Filter>Source Files</Filter>
    </ClCompile>
    <ClCompile Include="eflib\src\dl_loader.cpp">
      <Filter>Source Files</Filter>
    </ClCompile>
    <ClCompile Include="eflib\src\initialize.cpp">
      <Filter>Source Files</Filter>
    </ClCompile>
    <ClCompile Include="eflib\src\lifetime_manager.cpp">
      <Filter>Source Files</Filter>
    </ClCompile>
    <ClCompile Include="eflib\src\logrout.cpp">
      <Filter>Source Files</Filter>
    </ClCompile>
    <ClCompile Include="eflib\src\math.cpp">
      <Filter>Source Files</Filter>
    </ClCompile>
    <ClCompile Include="eflib\src\profiler.cpp">
      <Filter>Source Files</Filter>
    </ClCompile>
    <ClCompile Include="eflib\src\quaternion.cpp">
      <Filter>Source Files</Filter>
    </ClCompile>
    <ClCompile Include="eflib\src\string.cpp">
      <Filter>Source Files</Filter>
    </ClCompile>
  </ItemGroup>
</Project>